
Microsoft Visual Studio Solution File, Format Version 12.00
Project("{FAE04EC0-301F-11D3-BF4B-00C04F79EFBC}") = "DifficultyLevels", "DifficultyLevels\DifficultyLevels.csproj", "{E2827753-D5ED-4441-9F9B-B604B0191543}"
EndProject
Global
	GlobalSection(SolutionConfigurationPlatforms) = preSolution
		Debug|Any CPU = Debug|Any CPU
		Release|Any CPU = Release|Any CPU
	EndGlobalSection
	GlobalSection(ProjectConfigurationPlatforms) = postSolution
		{E2827753-D5ED-4441-9F9B-B604B0191543}.Debug|Any CPU.ActiveCfg = Debug|Any CPU
		{E2827753-D5ED-4441-9F9B-B604B0191543}.Debug|Any CPU.Build.0 = Debug|Any CPU
		{E2827753-D5ED-4441-9F9B-B604B0191543}.Release|Any CPU.ActiveCfg = Release|Any CPU
		{E2827753-D5ED-4441-9F9B-B604B0191543}.Release|Any CPU.Build.0 = Release|Any CPU
	EndGlobalSection
EndGlobal
